// !$*UTF8*$!
{
	archiveVersion = 1;
	classes = {
	};
	objectVersion = 51;
	objects = {

/* Begin PBXBuildFile section */
		826BC5C90651FFD4282A5F75 /* Pods_GoogleSearchApp.framework in Frameworks */ = {isa = PBXBuildFile; fileRef = 5EC793CFC803DA62DF4A68ED /* Pods_GoogleSearchApp.framework */; };
		D1334B4E22C4B8A1004C9223 /* Networking.swift in Sources */ = {isa = PBXBuildFile; fileRef = D1334B4D22C4B8A1004C9223 /* Networking.swift */; };
		D1334B5022C4E055004C9223 /* GoogleResponse.swift in Sources */ = {isa = PBXBuildFile; fileRef = D1334B4F22C4E055004C9223 /* GoogleResponse.swift */; };
		D1A0DA6722C0DEED0009FEAB /* AppDelegate.swift in Sources */ = {isa = PBXBuildFile; fileRef = D1A0DA6622C0DEED0009FEAB /* AppDelegate.swift */; };
		D1A0DA6922C0DEED0009FEAB /* GoogleSearchViewController.swift in Sources */ = {isa = PBXBuildFile; fileRef = D1A0DA6822C0DEED0009FEAB /* GoogleSearchViewController.swift */; };
		D1A0DA6C22C0DEED0009FEAB /* Main.storyboard in Resources */ = {isa = PBXBuildFile; fileRef = D1A0DA6A22C0DEED0009FEAB /* Main.storyboard */; };
		D1A0DA6E22C0DEEE0009FEAB /* Assets.xcassets in Resources */ = {isa = PBXBuildFile; fileRef = D1A0DA6D22C0DEEE0009FEAB /* Assets.xcassets */; };
		D1A0DA7122C0DEEE0009FEAB /* LaunchScreen.storyboard in Resources */ = {isa = PBXBuildFile; fileRef = D1A0DA6F22C0DEEE0009FEAB /* LaunchScreen.storyboard */; };
/* End PBXBuildFile section */

/* Begin PBXFileReference section */
		06DCF2608AB9C75B34FC261F /* Pods-GoogleSearchApp.debug.xcconfig */ = {isa = PBXFileReference; includeInIndex = 1; lastKnownFileType = text.xcconfig; name = "Pods-GoogleSearchApp.debug.xcconfig"; path = "Target Support Files/Pods-GoogleSearchApp/Pods-GoogleSearchApp.debug.xcconfig"; sourceTree = "<group>"; };
		46793559DD462036BE7EA532 /* Pods-GoogleSearchApp.release.xcconfig */ = {isa = PBXFileReference; includeInIndex = 1; lastKnownFileType = text.xcconfig; name = "Pods-GoogleSearchApp.release.xcconfig"; path = "Target Support Files/Pods-GoogleSearchApp/Pods-GoogleSearchApp.release.xcconfig"; sourceTree = "<group>"; };
		5EC793CFC803DA62DF4A68ED /* Pods_GoogleSearchApp.framework */ = {isa = PBXFileReference; explicitFileType = wrapper.framework; includeInIndex = 0; path = Pods_GoogleSearchApp.framework; sourceTree = BUILT_PRODUCTS_DIR; };
		D1334B4D22C4B8A1004C9223 /* Networking.swift */ = {isa = PBXFileReference; lastKnownFileType = sourcecode.swift; path = Networking.swift; sourceTree = "<group>"; };
		D1334B4F22C4E055004C9223 /* GoogleResponse.swift */ = {isa = PBXFileReference; lastKnownFileType = sourcecode.swift; path = GoogleResponse.swift; sourceTree = "<group>"; };
		D1A0DA6322C0DEED0009FEAB /* GoogleSearchApp.app */ = {isa = PBXFileReference; explicitFileType = wrapper.application; includeInIndex = 0; path = GoogleSearchApp.app; sourceTree = BUILT_PRODUCTS_DIR; };
		D1A0DA6622C0DEED0009FEAB /* AppDelegate.swift */ = {isa = PBXFileReference; lastKnownFileType = sourcecode.swift; path = AppDelegate.swift; sourceTree = "<group>"; };
		D1A0DA6822C0DEED0009FEAB /* GoogleSearchViewController.swift */ = {isa = PBXFileReference; lastKnownFileType = sourcecode.swift; path = GoogleSearchViewController.swift; sourceTree = "<group>"; };
		D1A0DA6B22C0DEED0009FEAB /* Base */ = {isa = PBXFileReference; lastKnownFileType = file.storyboard; name = Base; path = Base.lproj/Main.storyboard; sourceTree = "<group>"; };
		D1A0DA6D22C0DEEE0009FEAB /* Assets.xcassets */ = {isa = PBXFileReference; lastKnownFileType = folder.assetcatalog; path = Assets.xcassets; sourceTree = "<group>"; };
		D1A0DA7022C0DEEE0009FEAB /* Base */ = {isa = PBXFileReference; lastKnownFileType = file.storyboard; name = Base; path = Base.lproj/LaunchScreen.storyboard; sourceTree = "<group>"; };
		D1A0DA7222C0DEEE0009FEAB /* Info.plist */ = {isa = PBXFileReference; lastKnownFileType = text.plist.xml; path = Info.plist; sourceTree = "<group>"; };
/* End PBXFileReference section */

/* Begin PBXFrameworksBuildPhase section */
		D1A0DA6022C0DEED0009FEAB /* Frameworks */ = {
			isa = PBXFrameworksBuildPhase;
			buildActionMask = 2147483647;
			files = (
				826BC5C90651FFD4282A5F75 /* Pods_GoogleSearchApp.framework in Frameworks */,
			);
			runOnlyForDeploymentPostprocessing = 0;
		};
/* End PBXFrameworksBuildPhase section */

/* Begin PBXGroup section */
		8409B9798DCE48671671C702 /* Frameworks */ = {
			isa = PBXGroup;
			children = (
				5EC793CFC803DA62DF4A68ED /* Pods_GoogleSearchApp.framework */,
			);
			name = Frameworks;
			sourceTree = "<group>";
		};
		C0D131E42ECF3D7953F5B9D7 /* Pods */ = {
			isa = PBXGroup;
			children = (
				06DCF2608AB9C75B34FC261F /* Pods-GoogleSearchApp.debug.xcconfig */,
				46793559DD462036BE7EA532 /* Pods-GoogleSearchApp.release.xcconfig */,
			);
			path = Pods;
			sourceTree = "<group>";
		};
		D1A0DA5A22C0DEED0009FEAB = {
			isa = PBXGroup;
			children = (
				D1A0DA6522C0DEED0009FEAB /* GoogleSearchApp */,
				D1A0DA6422C0DEED0009FEAB /* Products */,
				C0D131E42ECF3D7953F5B9D7 /* Pods */,
				8409B9798DCE48671671C702 /* Frameworks */,
			);
			sourceTree = "<group>";
		};
		D1A0DA6422C0DEED0009FEAB /* Products */ = {
			isa = PBXGroup;
			children = (
				D1A0DA6322C0DEED0009FEAB /* GoogleSearchApp.app */,
			);
			name = Products;
			sourceTree = "<group>";
		};
		D1A0DA6522C0DEED0009FEAB /* GoogleSearchApp */ = {
			isa = PBXGroup;
			children = (
				D1A0DA6822C0DEED0009FEAB /* GoogleSearchViewController.swift */,
				D1334B4D22C4B8A1004C9223 /* Networking.swift */,
				D1334B4F22C4E055004C9223 /* GoogleResponse.swift */,
				D1A0DA6A22C0DEED0009FEAB /* Main.storyboard */,
				D1A0DA7822C0DF960009FEAB /* Supporting Files */,
				D1A0DA7222C0DEEE0009FEAB /* Info.plist */,
			);
			path = GoogleSearchApp;
			sourceTree = "<group>";
		};
		D1A0DA7822C0DF960009FEAB /* Supporting Files */ = {
			isa = PBXGroup;
			children = (
				D1A0DA6622C0DEED0009FEAB /* AppDelegate.swift */,
				D1A0DA6D22C0DEEE0009FEAB /* Assets.xcassets */,
				D1A0DA6F22C0DEEE0009FEAB /* LaunchScreen.storyboard */,
			);
			path = "Supporting Files";
			sourceTree = "<group>";
		};
/* End PBXGroup section */

/* Begin PBXNativeTarget section */
		D1A0DA6222C0DEED0009FEAB /* GoogleSearchApp */ = {
			isa = PBXNativeTarget;
			buildConfigurationList = D1A0DA7522C0DEEE0009FEAB /* Build configuration list for PBXNativeTarget "GoogleSearchApp" */;
			buildPhases = (
				D661F534147B4D0404B216DB /* [CP] Check Pods Manifest.lock */,
				D1A0DA5F22C0DEED0009FEAB /* Sources */,
				D1A0DA6022C0DEED0009FEAB /* Frameworks */,
				D1A0DA6122C0DEED0009FEAB /* Resources */,
				EBFEE48D6FAFB3972CB7081B /* [CP] Embed Pods Frameworks */,
			);
			buildRules = (
			);
			dependencies = (
			);
			name = GoogleSearchApp;
			productName = GoogleSearchApp;
			productReference = D1A0DA6322C0DEED0009FEAB /* GoogleSearchApp.app */;
			productType = "com.apple.product-type.application";
		};
/* End PBXNativeTarget section */

/* Begin PBXProject section */
		D1A0DA5B22C0DEED0009FEAB /* Project object */ = {
			isa = PBXProject;
			attributes = {
				LastSwiftUpdateCheck = 1020;
				LastUpgradeCheck = 1020;
				ORGANIZATIONNAME = "Dima Shelkov";
				TargetAttributes = {
					D1A0DA6222C0DEED0009FEAB = {
						CreatedOnToolsVersion = 10.2.1;
					};
				};
			};
			buildConfigurationList = D1A0DA5E22C0DEED0009FEAB /* Build configuration list for PBXProject "GoogleSearchApp" */;
			compatibilityVersion = "Xcode 9.3";
			developmentRegion = en;
			hasScannedForEncodings = 0;
			knownRegions = (
				en,
				Base,
			);
			mainGroup = D1A0DA5A22C0DEED0009FEAB;
			productRefGroup = D1A0DA6422C0DEED0009FEAB /* Products */;
			projectDirPath = "";
			projectRoot = "";
			targets = (
				D1A0DA6222C0DEED0009FEAB /* GoogleSearchApp */,
			);
		};
/* End PBXProject section */

/* Begin PBXResourcesBuildPhase section */
		D1A0DA6122C0DEED0009FEAB /* Resources */ = {
			isa = PBXResourcesBuildPhase;
			buildActionMask = 2147483647;
			files = (
				D1A0DA7122C0DEEE0009FEAB /* LaunchScreen.storyboard in Resources */,
				D1A0DA6E22C0DEEE0009FEAB /* Assets.xcassets in Resources */,
				D1A0DA6C22C0DEED0009FEAB /* Main.storyboard in Resources */,
			);
			runOnlyForDeploymentPostprocessing = 0;
		};
/* End PBXResourcesBuildPhase section */

/* Begin PBXShellScriptBuildPhase section */
		D661F534147B4D0404B216DB /* [CP] Check Pods Manifest.lock */ = {
			isa = PBXShellScriptBuildPhase;
			buildActionMask = 2147483647;
			files = (
			);
			inputFileListPaths = (
			);
			inputPaths = (
				"${PODS_PODFILE_DIR_PATH}/Podfile.lock",
				"${PODS_ROOT}/Manifest.lock",
			);
			name = "[CP] Check Pods Manifest.lock";
			outputFileListPaths = (
			);
			outputPaths = (
				"$(DERIVED_FILE_DIR)/Pods-GoogleSearchApp-checkManifestLockResult.txt",
			);
			runOnlyForDeploymentPostprocessing = 0;
			shellPath = /bin/sh;
			shellScript = "diff \"${PODS_PODFILE_DIR_PATH}/Podfile.lock\" \"${PODS_ROOT}/Manifest.lock\" > /dev/null\nif [ $? != 0 ] ; then\n    # print error to STDERR\n    echo \"error: The sandbox is not in sync with the Podfile.lock. Run 'pod install' or update your CocoaPods installation.\" >&2\n    exit 1\nfi\n# This output is used by Xcode 'outputs' to avoid re-running this script phase.\necho \"SUCCESS\" > \"${SCRIPT_OUTPUT_FILE_0}\"\n";
			showEnvVarsInLog = 0;
		};
		EBFEE48D6FAFB3972CB7081B /* [CP] Embed Pods Frameworks */ = {
			isa = PBXShellScriptBuildPhase;
			buildActionMask = 2147483647;
			files = (
			);
			inputFileListPaths = (
				"${PODS_ROOT}/Target Support Files/Pods-GoogleSearchApp/Pods-GoogleSearchApp-frameworks-${CONFIGURATION}-input-files.xcfilelist",
			);
			name = "[CP] Embed Pods Frameworks";
			outputFileListPaths = (
				"${PODS_ROOT}/Target Support Files/Pods-GoogleSearchApp/Pods-GoogleSearchApp-frameworks-${CONFIGURATION}-output-files.xcfilelist",
			);
			runOnlyForDeploymentPostprocessing = 0;
			shellPath = /bin/sh;
			shellScript = "\"${PODS_ROOT}/Target Support Files/Pods-GoogleSearchApp/Pods-GoogleSearchApp-frameworks.sh\"\n";
			showEnvVarsInLog = 0;
		};
/* End PBXShellScriptBuildPhase section */

/* Begin PBXSourcesBuildPhase section */
		D1A0DA5F22C0DEED0009FEAB /* Sources */ = {
			isa = PBXSourcesBuildPhase;
			buildActionMask = 2147483647;
			files = (
				D1A0DA6922C0DEED0009FEAB /* GoogleSearchViewController.swift in Sources */,
				D1334B4E22C4B8A1004C9223 /* Networking.swift in Sources */,
				D1A0DA6722C0DEED0009FEAB /* AppDelegate.swift in Sources */,
				D1334B5022C4E055004C9223 /* GoogleResponse.swift in Sources */,
			);
			runOnlyForDeploymentPostprocessing = 0;
		};
/* End PBXSourcesBuildPhase section */

/* Begin PBXVariantGroup section */
		D1A0DA6A22C0DEED0009FEAB /* Main.storyboard */ = {
			isa = PBXVariantGroup;
			children = (
				D1A0DA6B22C0DEED0009FEAB /* Base */,
			);
			name = Main.storyboard;
			sourceTree = "<group>";
		};
		D1A0DA6F22C0DEEE0009FEAB /* LaunchScreen.storyboard */ = {
			isa = PBXVariantGroup;
			children = (
				D1A0DA7022C0DEEE0009FEAB /* Base */,
			);
			name = LaunchScreen.storyboard;
			sourceTree = "<group>";
		};
/* End PBXVariantGroup section */

/* Begin XCBuildConfiguration section */
		D1A0DA7322C0DEEE0009FEAB /* Debug */ = {
			isa = XCBuildConfiguration;
			buildSettings = {
				ALWAYS_SEARCH_USER_PATHS = NO;
				CLANG_ANALYZER_NONNULL = YES;
				CLANG_ANALYZER_NUMBER_OBJECT_CONVERSION = YES_AGGRESSIVE;
				CLANG_CXX_LANGUAGE_STANDARD = "gnu++14";
				CLANG_CXX_LIBRARY = "libc++";
				CLANG_ENABLE_MODULES = YES;
				CLANG_ENABLE_OBJC_ARC = YES;
				CLANG_ENABLE_OBJC_WEAK = YES;
				CLANG_WARN_BLOCK_CAPTURE_AUTORELEASING = YES;
				CLANG_WARN_BOOL_CONVERSION = YES;
				CLANG_WARN_COMMA = YES;
				CLANG_WARN_CONSTANT_CONVERSION = YES;
				CLANG_WARN_DEPRECATED_OBJC_IMPLEMENTATIONS = YES;
				CLANG_WARN_DIRECT_OBJC_ISA_USAGE = YES_ERROR;
				CLANG_WARN_DOCUMENTATION_COMMENTS = YES;
				CLANG_WARN_EMPTY_BODY = YES;
				CLANG_WARN_ENUM_CONVERSION = YES;
				CLANG_WARN_INFINITE_RECURSION = YES;
				CLANG_WARN_INT_CONVERSION = YES;
				CLANG_WARN_NON_LITERAL_NULL_CONVERSION = YES;
				CLANG_WARN_OBJC_IMPLICIT_RETAIN_SELF = YES;
				CLANG_WARN_OBJC_LITERAL_CONVERSION = YES;
				CLANG_WARN_OBJC_ROOT_CLASS = YES_ERROR;
				CLANG_WARN_RANGE_LOOP_ANALYSIS = YES;
				CLANG_WARN_STRICT_PROTOTYPES = YES;
				CLANG_WARN_SUSPICIOUS_MOVE = YES;
				CLANG_WARN_UNGUARDED_AVAILABILITY = YES_AGGRESSIVE;
				CLANG_WARN_UNREACHABLE_CODE = YES;
				CLANG_WARN__DUPLICATE_METHOD_MATCH = YES;
				CODE_SIGN_IDENTITY = "iPhone Developer";
				COPY_PHASE_STRIP = NO;
				DEBUG_INFORMATION_FORMAT = dwarf;
				ENABLE_STRICT_OBJC_MSGSEND = YES;
				ENABLE_TESTABILITY = YES;
				GCC_C_LANGUAGE_STANDARD = gnu11;
				GCC_DYNAMIC_NO_PIC = NO;
				GCC_NO_COMMON_BLOCKS = YES;
				GCC_OPTIMIZATION_LEVEL = 0;
				GCC_PREPROCESSOR_DEFINITIONS = (
					"DEBUG=1",
					"$(inherited)",
				);
				GCC_WARN_64_TO_32_BIT_CONVERSION = YES;
				GCC_WARN_ABOUT_RETURN_TYPE = YES_ERROR;
				GCC_WARN_UNDECLARED_SELECTOR = YES;
				GCC_WARN_UNINITIALIZED_AUTOS = YES_AGGRESSIVE;
				GCC_WARN_UNUSED_FUNCTION = YES;
				GCC_WARN_UNUSED_VARIABLE = YES;
				IPHONEOS_DEPLOYMENT_TARGET = 12.2;
				MTL_ENABLE_DEBUG_INFO = INCLUDE_SOURCE;
				MTL_FAST_MATH = YES;
				ONLY_ACTIVE_ARCH = YES;
				SDKROOT = iphoneos;
				SWIFT_ACTIVE_COMPILATION_CONDITIONS = DEBUG;
				SWIFT_OPTIMIZATION_LEVEL = "-Onone";
			};
			name = Debug;
		};
		D1A0DA7422C0DEEE0009FEAB /* Release */ = {
			isa = XCBuildConfiguration;
			buildSettings = {
				ALWAYS_SEARCH_USER_PATHS = NO;
				CLANG_ANALYZER_NONNULL = YES;
				CLANG_ANALYZER_NUMBER_OBJECT_CONVERSION = YES_AGGRESSIVE;
				CLANG_CXX_LANGUAGE_STANDARD = "gnu++14";
				CLANG_CXX_LIBRARY = "libc++";
				CLANG_ENABLE_MODULES = YES;
				CLANG_ENABLE_OBJC_ARC = YES;
				CLANG_ENABLE_OBJC_WEAK = YES;
				CLANG_WARN_BLOCK_CAPTURE_AUTORELEASING = YES;
				CLANG_WARN_BOOL_CONVERSION = YES;
				CLANG_WARN_COMMA = YES;
				CLANG_WARN_CONSTANT_CONVERSION = YES;
				CLANG_WARN_DEPRECATED_OBJC_IMPLEMENTATIONS = YES;
				CLANG_WARN_DIRECT_OBJC_ISA_USAGE = YES_ERROR;
				CLANG_WARN_DOCUMENTATION_COMMENTS = YES;
				CLANG_WARN_EMPTY_BODY = YES;
				CLANG_WARN_ENUM_CONVERSION = YES;
				CLANG_WARN_INFINITE_RECURSION = YES;
				CLANG_WARN_INT_CONVERSION = YES;
				CLANG_WARN_NON_LITERAL_NULL_CONVERSION = YES;
				CLANG_WARN_OBJC_IMPLICIT_RETAIN_SELF = YES;
				CLANG_WARN_OBJC_LITERAL_CONVERSION = YES;
				CLANG_WARN_OBJC_ROOT_CLASS = YES_ERROR;
				CLANG_WARN_RANGE_LOOP_ANALYSIS = YES;
				CLANG_WARN_STRICT_PROTOTYPES = YES;
				CLANG_WARN_SUSPICIOUS_MOVE = YES;
				CLANG_WARN_UNGUARDED_AVAILABILITY = YES_AGGRESSIVE;
				CLANG_WARN_UNREACHABLE_CODE = YES;
				CLANG_WARN__DUPLICATE_METHOD_MATCH = YES;
				CODE_SIGN_IDENTITY = "iPhone Developer";
				COPY_PHASE_STRIP = NO;
				DEBUG_INFORMATION_FORMAT = "dwarf-with-dsym";
				ENABLE_NS_ASSERTIONS = NO;
				ENABLE_STRICT_OBJC_MSGSEND = YES;
				GCC_C_LANGUAGE_STANDARD = gnu11;
				GCC_NO_COMMON_BLOCKS = YES;
				GCC_WARN_64_TO_32_BIT_CONVERSION = YES;
				GCC_WARN_ABOUT_RETURN_TYPE = YES_ERROR;
				GCC_WARN_UNDECLARED_SELECTOR = YES;
				GCC_WARN_UNINITIALIZED_AUTOS = YES_AGGRESSIVE;
				GCC_WARN_UNUSED_FUNCTION = YES;
				GCC_WARN_UNUSED_VARIABLE = YES;
				IPHONEOS_DEPLOYMENT_TARGET = 12.2;
				MTL_ENABLE_DEBUG_INFO = NO;
				MTL_FAST_MATH = YES;
				SDKROOT = iphoneos;
				SWIFT_COMPILATION_MODE = wholemodule;
				SWIFT_OPTIMIZATION_LEVEL = "-O";
				VALIDATE_PRODUCT = YES;
			};
			name = Release;
		};
		D1A0DA7622C0DEEE0009FEAB /* Debug */ = {
			isa = XCBuildConfiguration;
			baseConfigurationReference = 06DCF2608AB9C75B34FC261F /* Pods-GoogleSearchApp.debug.xcconfig */;
			buildSettings = {
				ASSETCATALOG_COMPILER_APPICON_NAME = AppIcon;
				CODE_SIGN_STYLE = Automatic;
				DEVELOPMENT_TEAM = 26PXP4V49P;
				INFOPLIST_FILE = GoogleSearchApp/Info.plist;
				LD_RUNPATH_SEARCH_PATHS = (
					"$(inherited)",
					"@executable_path/Frameworks",
				);
				PRODUCT_BUNDLE_IDENTIFIER = com.shkvy.GoogleSearchApp;
				PRODUCT_NAME = "$(TARGET_NAME)";
				SWIFT_VERSION = 5.0;
				TARGETED_DEVICE_FAMILY = "1,2";
			};
			name = Debug;
		};
		D1A0DA7722C0DEEE0009FEAB /* Release */ = {
			isa = XCBuildConfiguration;
			baseConfigurationReference = 46793559DD462036BE7EA532 /* Pods-GoogleSearchApp.release.xcconfig */;
			buildSettings = {
				ASSETCATALOG_COMPILER_APPICON_NAME = AppIcon;
				CODE_SIGN_STYLE = Automatic;
				DEVELOPMENT_TEAM = 26PXP4V49P;
				INFOPLIST_FILE = GoogleSearchApp/Info.plist;
				LD_RUNPATH_SEARCH_PATHS = (
					"$(inherited)",
					"@executable_path/Frameworks",
				);
				PRODUCT_BUNDLE_IDENTIFIER = com.shkvy.GoogleSearchApp;
				PRODUCT_NAME = "$(TARGET_NAME)";
				SWIFT_VERSION = 5.0;
				TARGETED_DEVICE_FAMILY = "1,2";
			};
			name = Release;
		};
/* End XCBuildConfiguration section */

/* Begin XCConfigurationList section */
		D1A0DA5E22C0DEED0009FEAB /* Build configuration list for PBXProject "GoogleSearchApp" */ = {
			isa = XCConfigurationList;
			buildConfigurations = (
				D1A0DA7322C0DEEE0009FEAB /* Debug */,
				D1A0DA7422C0DEEE0009FEAB /* Release */,
			);
			defaultConfigurationIsVisible = 0;
			defaultConfigurationName = Release;
		};
		D1A0DA7522C0DEEE0009FEAB /* Build configuration list for PBXNativeTarget "GoogleSearchApp" */ = {
			isa = XCConfigurationList;
			buildConfigurations = (
				D1A0DA7622C0DEEE0009FEAB /* Debug */,
				D1A0DA7722C0DEEE0009FEAB /* Release */,
			);
			defaultConfigurationIsVisible = 0;
			defaultConfigurationName = Release;
		};
/* End XCConfigurationList section */
	};
	rootObject = D1A0DA5B22C0DEED0009FEAB /* Project object */;
}
